
Microsoft Visual Studio Solution File, Format Version 12.00
Project("{FAE04EC0-301F-11D3-BF4B-00C04F79EFBC}") = "HW36", "HW36\HW36.csproj", "{F470F1EB-D655-4D49-B4F5-682D01E896CE}"
EndProject
Global
	GlobalSection(SolutionConfigurationPlatforms) = preSolution
		Debug|Any CPU = Debug|Any CPU
		Release|Any CPU = Release|Any CPU
	EndGlobalSection
	GlobalSection(ProjectConfigurationPlatforms) = postSolution
		{F470F1EB-D655-4D49-B4F5-682D01E896CE}.Debug|Any CPU.ActiveCfg = Debug|Any CPU
		{F470F1EB-D655-4D49-B4F5-682D01E896CE}.Debug|Any CPU.Build.0 = Debug|Any CPU
		{F470F1EB-D655-4D49-B4F5-682D01E896CE}.Release|Any CPU.ActiveCfg = Release|Any CPU
		{F470F1EB-D655-4D49-B4F5-682D01E896CE}.Release|Any CPU.Build.0 = Release|Any CPU
	EndGlobalSection
EndGlobal
