
Microsoft Visual Studio Solution File, Format Version 12.00
Project("{FAE04EC0-301F-11D3-BF4B-00C04F79EFBC}") = "HW312", "HW312\HW312.csproj", "{98C5DF85-A8E2-4244-9D90-1DA47C476F41}"
EndProject
Global
	GlobalSection(SolutionConfigurationPlatforms) = preSolution
		Debug|Any CPU = Debug|Any CPU
		Release|Any CPU = Release|Any CPU
	EndGlobalSection
	GlobalSection(ProjectConfigurationPlatforms) = postSolution
		{98C5DF85-A8E2-4244-9D90-1DA47C476F41}.Debug|Any CPU.ActiveCfg = Debug|Any CPU
		{98C5DF85-A8E2-4244-9D90-1DA47C476F41}.Debug|Any CPU.Build.0 = Debug|Any CPU
		{98C5DF85-A8E2-4244-9D90-1DA47C476F41}.Release|Any CPU.ActiveCfg = Release|Any CPU
		{98C5DF85-A8E2-4244-9D90-1DA47C476F41}.Release|Any CPU.Build.0 = Release|Any CPU
	EndGlobalSection
EndGlobal
