
Microsoft Visual Studio Solution File, Format Version 12.00
Project("{FAE04EC0-301F-11D3-BF4B-00C04F79EFBC}") = "Task6.2", "Task6.2\Task6.2.csproj", "{6CD96534-1514-4DA7-9B37-A41E7920A171}"
EndProject
Global
	GlobalSection(SolutionConfigurationPlatforms) = preSolution
		Debug|Any CPU = Debug|Any CPU
		Release|Any CPU = Release|Any CPU
	EndGlobalSection
	GlobalSection(ProjectConfigurationPlatforms) = postSolution
		{6CD96534-1514-4DA7-9B37-A41E7920A171}.Debug|Any CPU.ActiveCfg = Debug|Any CPU
		{6CD96534-1514-4DA7-9B37-A41E7920A171}.Debug|Any CPU.Build.0 = Debug|Any CPU
		{6CD96534-1514-4DA7-9B37-A41E7920A171}.Release|Any CPU.ActiveCfg = Release|Any CPU
		{6CD96534-1514-4DA7-9B37-A41E7920A171}.Release|Any CPU.Build.0 = Release|Any CPU
	EndGlobalSection
EndGlobal
