
Microsoft Visual Studio Solution File, Format Version 12.00
Project("{FAE04EC0-301F-11D3-BF4B-00C04F79EFBC}") = "HW314", "HW314\HW314.csproj", "{8683AC84-D5DD-4F83-9C88-819B841E93AF}"
EndProject
Global
	GlobalSection(SolutionConfigurationPlatforms) = preSolution
		Debug|Any CPU = Debug|Any CPU
		Release|Any CPU = Release|Any CPU
	EndGlobalSection
	GlobalSection(ProjectConfigurationPlatforms) = postSolution
		{8683AC84-D5DD-4F83-9C88-819B841E93AF}.Debug|Any CPU.ActiveCfg = Debug|Any CPU
		{8683AC84-D5DD-4F83-9C88-819B841E93AF}.Debug|Any CPU.Build.0 = Debug|Any CPU
		{8683AC84-D5DD-4F83-9C88-819B841E93AF}.Release|Any CPU.ActiveCfg = Release|Any CPU
		{8683AC84-D5DD-4F83-9C88-819B841E93AF}.Release|Any CPU.Build.0 = Release|Any CPU
	EndGlobalSection
EndGlobal
