
Microsoft Visual Studio Solution File, Format Version 12.00
Project("{FAE04EC0-301F-11D3-BF4B-00C04F79EFBC}") = "HW37", "HW37\HW37.csproj", "{3DA77F09-D667-40EB-B82E-985EECC9EBC8}"
EndProject
Global
	GlobalSection(SolutionConfigurationPlatforms) = preSolution
		Debug|Any CPU = Debug|Any CPU
		Release|Any CPU = Release|Any CPU
	EndGlobalSection
	GlobalSection(ProjectConfigurationPlatforms) = postSolution
		{3DA77F09-D667-40EB-B82E-985EECC9EBC8}.Debug|Any CPU.ActiveCfg = Debug|Any CPU
		{3DA77F09-D667-40EB-B82E-985EECC9EBC8}.Debug|Any CPU.Build.0 = Debug|Any CPU
		{3DA77F09-D667-40EB-B82E-985EECC9EBC8}.Release|Any CPU.ActiveCfg = Release|Any CPU
		{3DA77F09-D667-40EB-B82E-985EECC9EBC8}.Release|Any CPU.Build.0 = Release|Any CPU
	EndGlobalSection
EndGlobal
