
Microsoft Visual Studio Solution File, Format Version 12.00
Project("{FAE04EC0-301F-11D3-BF4B-00C04F79EFBC}") = "Task02_7", "Task02_7\Task02_7.csproj", "{43184F03-0285-4D0D-88A5-9B1D4A964F2A}"
EndProject
Global
	GlobalSection(SolutionConfigurationPlatforms) = preSolution
		Debug|Any CPU = Debug|Any CPU
		Release|Any CPU = Release|Any CPU
	EndGlobalSection
	GlobalSection(ProjectConfigurationPlatforms) = postSolution
		{43184F03-0285-4D0D-88A5-9B1D4A964F2A}.Debug|Any CPU.ActiveCfg = Debug|Any CPU
		{43184F03-0285-4D0D-88A5-9B1D4A964F2A}.Debug|Any CPU.Build.0 = Debug|Any CPU
		{43184F03-0285-4D0D-88A5-9B1D4A964F2A}.Release|Any CPU.ActiveCfg = Release|Any CPU
		{43184F03-0285-4D0D-88A5-9B1D4A964F2A}.Release|Any CPU.Build.0 = Release|Any CPU
	EndGlobalSection
EndGlobal
