
Microsoft Visual Studio Solution File, Format Version 12.00
# Visual Studio Version 16
VisualStudioVersion = 16.0.31702.278
MinimumVisualStudioVersion = 10.0.40219.1
Project("{FAE04EC0-301F-11D3-BF4B-00C04F79EFBC}") = "Task7_12", "Task7_12\Task7_12.csproj", "{B2D94FC4-CD20-4D56-9782-D79F900B4F0E}"
EndProject
Global
	GlobalSection(SolutionConfigurationPlatforms) = preSolution
		Debug|Any CPU = Debug|Any CPU
		Release|Any CPU = Release|Any CPU
	EndGlobalSection
	GlobalSection(ProjectConfigurationPlatforms) = postSolution
		{B2D94FC4-CD20-4D56-9782-D79F900B4F0E}.Debug|Any CPU.ActiveCfg = Debug|Any CPU
		{B2D94FC4-CD20-4D56-9782-D79F900B4F0E}.Debug|Any CPU.Build.0 = Debug|Any CPU
		{B2D94FC4-CD20-4D56-9782-D79F900B4F0E}.Release|Any CPU.ActiveCfg = Release|Any CPU
		{B2D94FC4-CD20-4D56-9782-D79F900B4F0E}.Release|Any CPU.Build.0 = Release|Any CPU
	EndGlobalSection
	GlobalSection(SolutionProperties) = preSolution
		HideSolutionNode = FALSE
	EndGlobalSection
	GlobalSection(ExtensibilityGlobals) = postSolution
		SolutionGuid = {6BFB0049-C40A-4772-AD87-72DDF7F54F02}
	EndGlobalSection
EndGlobal
