
Microsoft Visual Studio Solution File, Format Version 12.00
Project("{FAE04EC0-301F-11D3-BF4B-00C04F79EFBC}") = "Task09_3", "Task09_3\Task09_3.csproj", "{8D3DD7B2-56CB-45E1-980B-3C1001FE2982}"
EndProject
Global
	GlobalSection(SolutionConfigurationPlatforms) = preSolution
		Debug|Any CPU = Debug|Any CPU
		Release|Any CPU = Release|Any CPU
	EndGlobalSection
	GlobalSection(ProjectConfigurationPlatforms) = postSolution
		{8D3DD7B2-56CB-45E1-980B-3C1001FE2982}.Debug|Any CPU.ActiveCfg = Debug|Any CPU
		{8D3DD7B2-56CB-45E1-980B-3C1001FE2982}.Debug|Any CPU.Build.0 = Debug|Any CPU
		{8D3DD7B2-56CB-45E1-980B-3C1001FE2982}.Release|Any CPU.ActiveCfg = Release|Any CPU
		{8D3DD7B2-56CB-45E1-980B-3C1001FE2982}.Release|Any CPU.Build.0 = Release|Any CPU
	EndGlobalSection
EndGlobal
