
Microsoft Visual Studio Solution File, Format Version 12.00
Project("{FAE04EC0-301F-11D3-BF4B-00C04F79EFBC}") = "Task6_4", "Task6_4\Task6_4.csproj", "{4E846740-C930-442E-9075-A2D01B081348}"
EndProject
Global
	GlobalSection(SolutionConfigurationPlatforms) = preSolution
		Debug|Any CPU = Debug|Any CPU
		Release|Any CPU = Release|Any CPU
	EndGlobalSection
	GlobalSection(ProjectConfigurationPlatforms) = postSolution
		{4E846740-C930-442E-9075-A2D01B081348}.Debug|Any CPU.ActiveCfg = Debug|Any CPU
		{4E846740-C930-442E-9075-A2D01B081348}.Debug|Any CPU.Build.0 = Debug|Any CPU
		{4E846740-C930-442E-9075-A2D01B081348}.Release|Any CPU.ActiveCfg = Release|Any CPU
		{4E846740-C930-442E-9075-A2D01B081348}.Release|Any CPU.Build.0 = Release|Any CPU
	EndGlobalSection
EndGlobal
